// !$*UTF8*$!
{
	archiveVersion = 1;
	classes = {
	};
	objectVersion = 50;
	objects = {

/* Begin PBXBuildFile section */
		B234376625DAEA03007F2C55 /* AppDelegate.swift in Sources */ = {isa = PBXBuildFile; fileRef = B234376525DAEA03007F2C55 /* AppDelegate.swift */; };
		B234376825DAEA03007F2C55 /* SceneDelegate.swift in Sources */ = {isa = PBXBuildFile; fileRef = B234376725DAEA03007F2C55 /* SceneDelegate.swift */; };
		B234376A25DAEA03007F2C55 /* ViewController.swift in Sources */ = {isa = PBXBuildFile; fileRef = B234376925DAEA03007F2C55 /* ViewController.swift */; };
		B234376D25DAEA03007F2C55 /* Main.storyboard in Resources */ = {isa = PBXBuildFile; fileRef = B234376B25DAEA03007F2C55 /* Main.storyboard */; };
		B234376F25DAEA08007F2C55 /* Assets.xcassets in Resources */ = {isa = PBXBuildFile; fileRef = B234376E25DAEA08007F2C55 /* Assets.xcassets */; };
		B234377225DAEA08007F2C55 /* LaunchScreen.storyboard in Resources */ = {isa = PBXBuildFile; fileRef = B234377025DAEA08007F2C55 /* LaunchScreen.storyboard */; };
		B234377D25DAEA09007F2C55 /* SampleProtocolTests.swift in Sources */ = {isa = PBXBuildFile; fileRef = B234377C25DAEA09007F2C55 /* SampleProtocolTests.swift */; };
		B234378825DAEA09007F2C55 /* SampleProtocolUITests.swift in Sources */ = {isa = PBXBuildFile; fileRef = B234378725DAEA09007F2C55 /* SampleProtocolUITests.swift */; };
/* End PBXBuildFile section */

/* Begin PBXContainerItemProxy section */
		B234377925DAEA09007F2C55 /* PBXContainerItemProxy */ = {
			isa = PBXContainerItemProxy;
			containerPortal = B234375A25DAEA03007F2C55 /* Project object */;
			proxyType = 1;
			remoteGlobalIDString = B234376125DAEA03007F2C55;
			remoteInfo = SampleProtocol;
		};
		B234378425DAEA09007F2C55 /* PBXContainerItemProxy */ = {
			isa = PBXContainerItemProxy;
			containerPortal = B234375A25DAEA03007F2C55 /* Project object */;
			proxyType = 1;
			remoteGlobalIDString = B234376125DAEA03007F2C55;
			remoteInfo = SampleProtocol;
		};
/* End PBXContainerItemProxy section */

/* Begin PBXFileReference section */
		B234376225DAEA03007F2C55 /* SampleProtocol.app */ = {isa = PBXFileReference; explicitFileType = wrapper.application; includeInIndex = 0; path = SampleProtocol.app; sourceTree = BUILT_PRODUCTS_DIR; };
		B234376525DAEA03007F2C55 /* AppDelegate.swift */ = {isa = PBXFileReference; lastKnownFileType = sourcecode.swift; path = AppDelegate.swift; sourceTree = "<group>"; };
		B234376725DAEA03007F2C55 /* SceneDelegate.swift */ = {isa = PBXFileReference; lastKnownFileType = sourcecode.swift; path = SceneDelegate.swift; sourceTree = "<group>"; };
		B234376925DAEA03007F2C55 /* ViewController.swift */ = {isa = PBXFileReference; lastKnownFileType = sourcecode.swift; path = ViewController.swift; sourceTree = "<group>"; };
		B234376C25DAEA03007F2C55 /* Base */ = {isa = PBXFileReference; lastKnownFileType = file.storyboard; name = Base; path = Base.lproj/Main.storyboard; sourceTree = "<group>"; };
		B234376E25DAEA08007F2C55 /* Assets.xcassets */ = {isa = PBXFileReference; lastKnownFileType = folder.assetcatalog; path = Assets.xcassets; sourceTree = "<group>"; };
		B234377125DAEA08007F2C55 /* Base */ = {isa = PBXFileReference; lastKnownFileType = file.storyboard; name = Base; path = Base.lproj/LaunchScreen.storyboard; sourceTree = "<group>"; };
		B234377325DAEA08007F2C55 /* Info.plist */ = {isa = PBXFileReference; lastKnownFileType = text.plist.xml; path = Info.plist; sourceTree = "<group>"; };
		B234377825DAEA09007F2C55 /* SampleProtocolTests.xctest */ = {isa = PBXFileReference; explicitFileType = wrapper.cfbundle; includeInIndex = 0; path = SampleProtocolTests.xctest; sourceTree = BUILT_PRODUCTS_DIR; };
		B234377C25DAEA09007F2C55 /* SampleProtocolTests.swift */ = {isa = PBXFileReference; lastKnownFileType = sourcecode.swift; path = SampleProtocolTests.swift; sourceTree = "<group>"; };
		B234377E25DAEA09007F2C55 /* Info.plist */ = {isa = PBXFileReference; lastKnownFileType = text.plist.xml; path = Info.plist; sourceTree = "<group>"; };
		B234378325DAEA09007F2C55 /* SampleProtocolUITests.xctest */ = {isa = PBXFileReference; explicitFileType = wrapper.cfbundle; includeInIndex = 0; path = SampleProtocolUITests.xctest; sourceTree = BUILT_PRODUCTS_DIR; };
		B234378725DAEA09007F2C55 /* SampleProtocolUITests.swift */ = {isa = PBXFileReference; lastKnownFileType = sourcecode.swift; path = SampleProtocolUITests.swift; sourceTree = "<group>"; };
		B234378925DAEA09007F2C55 /* Info.plist */ = {isa = PBXFileReference; lastKnownFileType = text.plist.xml; path = Info.plist; sourceTree = "<group>"; };
/* End PBXFileReference section */

/* Begin PBXFrameworksBuildPhase section */
		B234375F25DAEA03007F2C55 /* Frameworks */ = {
			isa = PBXFrameworksBuildPhase;
			buildActionMask = 2147483647;
			files = (
			);
			runOnlyForDeploymentPostprocessing = 0;
		};
		B234377525DAEA09007F2C55 /* Frameworks */ = {
			isa = PBXFrameworksBuildPhase;
			buildActionMask = 2147483647;
			files = (
			);
			runOnlyForDeploymentPostprocessing = 0;
		};
		B234378025DAEA09007F2C55 /* Frameworks */ = {
			isa = PBXFrameworksBuildPhase;
			buildActionMask = 2147483647;
			files = (
			);
			runOnlyForDeploymentPostprocessing = 0;
		};
/* End PBXFrameworksBuildPhase section */

/* Begin PBXGroup section */
		B234375925DAEA03007F2C55 = {
			isa = PBXGroup;
			children = (
				B234376425DAEA03007F2C55 /* SampleProtocol */,
				B234377B25DAEA09007F2C55 /* SampleProtocolTests */,
				B234378625DAEA09007F2C55 /* SampleProtocolUITests */,
				B234376325DAEA03007F2C55 /* Products */,
			);
			sourceTree = "<group>";
		};
		B234376325DAEA03007F2C55 /* Products */ = {
			isa = PBXGroup;
			children = (
				B234376225DAEA03007F2C55 /* SampleProtocol.app */,
				B234377825DAEA09007F2C55 /* SampleProtocolTests.xctest */,
				B234378325DAEA09007F2C55 /* SampleProtocolUITests.xctest */,
			);
			name = Products;
			sourceTree = "<group>";
		};
		B234376425DAEA03007F2C55 /* SampleProtocol */ = {
			isa = PBXGroup;
			children = (
				B234376525DAEA03007F2C55 /* AppDelegate.swift */,
				B234376725DAEA03007F2C55 /* SceneDelegate.swift */,
				B234376925DAEA03007F2C55 /* ViewController.swift */,
				B234376B25DAEA03007F2C55 /* Main.storyboard */,
				B234376E25DAEA08007F2C55 /* Assets.xcassets */,
				B234377025DAEA08007F2C55 /* LaunchScreen.storyboard */,
				B234377325DAEA08007F2C55 /* Info.plist */,
			);
			path = SampleProtocol;
			sourceTree = "<group>";
		};
		B234377B25DAEA09007F2C55 /* SampleProtocolTests */ = {
			isa = PBXGroup;
			children = (
				B234377C25DAEA09007F2C55 /* SampleProtocolTests.swift */,
				B234377E25DAEA09007F2C55 /* Info.plist */,
			);
			path = SampleProtocolTests;
			sourceTree = "<group>";
		};
		B234378625DAEA09007F2C55 /* SampleProtocolUITests */ = {
			isa = PBXGroup;
			children = (
				B234378725DAEA09007F2C55 /* SampleProtocolUITests.swift */,
				B234378925DAEA09007F2C55 /* Info.plist */,
			);
			path = SampleProtocolUITests;
			sourceTree = "<group>";
		};
/* End PBXGroup section */

/* Begin PBXNativeTarget section */
		B234376125DAEA03007F2C55 /* SampleProtocol */ = {
			isa = PBXNativeTarget;
			buildConfigurationList = B234378C25DAEA09007F2C55 /* Build configuration list for PBXNativeTarget "SampleProtocol" */;
			buildPhases = (
				B234375E25DAEA03007F2C55 /* Sources */,
				B234375F25DAEA03007F2C55 /* Frameworks */,
				B234376025DAEA03007F2C55 /* Resources */,
			);
			buildRules = (
			);
			dependencies = (
			);
			name = SampleProtocol;
			productName = SampleProtocol;
			productReference = B234376225DAEA03007F2C55 /* SampleProtocol.app */;
			productType = "com.apple.product-type.application";
		};
		B234377725DAEA09007F2C55 /* SampleProtocolTests */ = {
			isa = PBXNativeTarget;
			buildConfigurationList = B234378F25DAEA09007F2C55 /* Build configuration list for PBXNativeTarget "SampleProtocolTests" */;
			buildPhases = (
				B234377425DAEA09007F2C55 /* Sources */,
				B234377525DAEA09007F2C55 /* Frameworks */,
				B234377625DAEA09007F2C55 /* Resources */,
			);
			buildRules = (
			);
			dependencies = (
				B234377A25DAEA09007F2C55 /* PBXTargetDependency */,
			);
			name = SampleProtocolTests;
			productName = SampleProtocolTests;
			productReference = B234377825DAEA09007F2C55 /* SampleProtocolTests.xctest */;
			productType = "com.apple.product-type.bundle.unit-test";
		};
		B234378225DAEA09007F2C55 /* SampleProtocolUITests */ = {
			isa = PBXNativeTarget;
			buildConfigurationList = B234379225DAEA09007F2C55 /* Build configuration list for PBXNativeTarget "SampleProtocolUITests" */;
			buildPhases = (
				B234377F25DAEA09007F2C55 /* Sources */,
				B234378025DAEA09007F2C55 /* Frameworks */,
				B234378125DAEA09007F2C55 /* Resources */,
			);
			buildRules = (
			);
			dependencies = (
				B234378525DAEA09007F2C55 /* PBXTargetDependency */,
			);
			name = SampleProtocolUITests;
			productName = SampleProtocolUITests;
			productReference = B234378325DAEA09007F2C55 /* SampleProtocolUITests.xctest */;
			productType = "com.apple.product-type.bundle.ui-testing";
		};
/* End PBXNativeTarget section */

/* Begin PBXProject section */
		B234375A25DAEA03007F2C55 /* Project object */ = {
			isa = PBXProject;
			attributes = {
				LastSwiftUpdateCheck = 1220;
				LastUpgradeCheck = 1220;
				TargetAttributes = {
					B234376125DAEA03007F2C55 = {
						CreatedOnToolsVersion = 12.2;
					};
					B234377725DAEA09007F2C55 = {
						CreatedOnToolsVersion = 12.2;
						TestTargetID = B234376125DAEA03007F2C55;
					};
					B234378225DAEA09007F2C55 = {
						CreatedOnToolsVersion = 12.2;
						TestTargetID = B234376125DAEA03007F2C55;
					};
				};
			};
			buildConfigurationList = B234375D25DAEA03007F2C55 /* Build configuration list for PBXProject "SampleProtocol" */;
			compatibilityVersion = "Xcode 9.3";
			developmentRegion = en;
			hasScannedForEncodings = 0;
			knownRegions = (
				en,
				Base,
			);
			mainGroup = B234375925DAEA03007F2C55;
			productRefGroup = B234376325DAEA03007F2C55 /* Products */;
			projectDirPath = "";
			projectRoot = "";
			targets = (
				B234376125DAEA03007F2C55 /* SampleProtocol */,
				B234377725DAEA09007F2C55 /* SampleProtocolTests */,
				B234378225DAEA09007F2C55 /* SampleProtocolUITests */,
			);
		};
/* End PBXProject section */

/* Begin PBXResourcesBuildPhase section */
		B234376025DAEA03007F2C55 /* Resources */ = {
			isa = PBXResourcesBuildPhase;
			buildActionMask = 2147483647;
			files = (
				B234377225DAEA08007F2C55 /* LaunchScreen.storyboard in Resources */,
				B234376F25DAEA08007F2C55 /* Assets.xcassets in Resources */,
				B234376D25DAEA03007F2C55 /* Main.storyboard in Resources */,
			);
			runOnlyForDeploymentPostprocessing = 0;
		};
		B234377625DAEA09007F2C55 /* Resources */ = {
			isa = PBXResourcesBuildPhase;
			buildActionMask = 2147483647;
			files = (
			);
			runOnlyForDeploymentPostprocessing = 0;
		};
		B234378125DAEA09007F2C55 /* Resources */ = {
			isa = PBXResourcesBuildPhase;
			buildActionMask = 2147483647;
			files = (
			);
			runOnlyForDeploymentPostprocessing = 0;
		};
/* End PBXResourcesBuildPhase section */

/* Begin PBXSourcesBuildPhase section */
		B234375E25DAEA03007F2C55 /* Sources */ = {
			isa = PBXSourcesBuildPhase;
			buildActionMask = 2147483647;
			files = (
				B234376A25DAEA03007F2C55 /* ViewController.swift in Sources */,
				B234376625DAEA03007F2C55 /* AppDelegate.swift in Sources */,
				B234376825DAEA03007F2C55 /* SceneDelegate.swift in Sources */,
			);
			runOnlyForDeploymentPostprocessing = 0;
		};
		B234377425DAEA09007F2C55 /* Sources */ = {
			isa = PBXSourcesBuildPhase;
			buildActionMask = 2147483647;
			files = (
				B234377D25DAEA09007F2C55 /* SampleProtocolTests.swift in Sources */,
			);
			runOnlyForDeploymentPostprocessing = 0;
		};
		B234377F25DAEA09007F2C55 /* Sources */ = {
			isa = PBXSourcesBuildPhase;
			buildActionMask = 2147483647;
			files = (
				B234378825DAEA09007F2C55 /* SampleProtocolUITests.swift in Sources */,
			);
			runOnlyForDeploymentPostprocessing = 0;
		};
/* End PBXSourcesBuildPhase section */

/* Begin PBXTargetDependency section */
		B234377A25DAEA09007F2C55 /* PBXTargetDependency */ = {
			isa = PBXTargetDependency;
			target = B234376125DAEA03007F2C55 /* SampleProtocol */;
			targetProxy = B234377925DAEA09007F2C55 /* PBXContainerItemProxy */;
		};
		B234378525DAEA09007F2C55 /* PBXTargetDependency */ = {
			isa = PBXTargetDependency;
			target = B234376125DAEA03007F2C55 /* SampleProtocol */;
			targetProxy = B234378425DAEA09007F2C55 /* PBXContainerItemProxy */;
		};
/* End PBXTargetDependency section */

/* Begin PBXVariantGroup section */
		B234376B25DAEA03007F2C55 /* Main.storyboard */ = {
			isa = PBXVariantGroup;
			children = (
				B234376C25DAEA03007F2C55 /* Base */,
			);
			name = Main.storyboard;
			sourceTree = "<group>";
		};
		B234377025DAEA08007F2C55 /* LaunchScreen.storyboard */ = {
			isa = PBXVariantGroup;
			children = (
				B234377125DAEA08007F2C55 /* Base */,
			);
			name = LaunchScreen.storyboard;
			sourceTree = "<group>";
		};
/* End PBXVariantGroup section */

/* Begin XCBuildConfiguration section */
		B234378A25DAEA09007F2C55 /* Debug */ = {
			isa = XCBuildConfiguration;
			buildSettings = {
				ALWAYS_SEARCH_USER_PATHS = NO;
				CLANG_ANALYZER_NONNULL = YES;
				CLANG_ANALYZER_NUMBER_OBJECT_CONVERSION = YES_AGGRESSIVE;
				CLANG_CXX_LANGUAGE_STANDARD = "gnu++14";
				CLANG_CXX_LIBRARY = "libc++";
				CLANG_ENABLE_MODULES = YES;
				CLANG_ENABLE_OBJC_ARC = YES;
				CLANG_ENABLE_OBJC_WEAK = YES;
				CLANG_WARN_BLOCK_CAPTURE_AUTORELEASING = YES;
				CLANG_WARN_BOOL_CONVERSION = YES;
				CLANG_WARN_COMMA = YES;
				CLANG_WARN_CONSTANT_CONVERSION = YES;
				CLANG_WARN_DEPRECATED_OBJC_IMPLEMENTATIONS = YES;
				CLANG_WARN_DIRECT_OBJC_ISA_USAGE = YES_ERROR;
				CLANG_WARN_DOCUMENTATION_COMMENTS = YES;
				CLANG_WARN_EMPTY_BODY = YES;
				CLANG_WARN_ENUM_CONVERSION = YES;
				CLANG_WARN_INFINITE_RECURSION = YES;
				CLANG_WARN_INT_CONVERSION = YES;
				CLANG_WARN_NON_LITERAL_NULL_CONVERSION = YES;
				CLANG_WARN_OBJC_IMPLICIT_RETAIN_SELF = YES;
				CLANG_WARN_OBJC_LITERAL_CONVERSION = YES;
				CLANG_WARN_OBJC_ROOT_CLASS = YES_ERROR;
				CLANG_WARN_QUOTED_INCLUDE_IN_FRAMEWORK_HEADER = YES;
				CLANG_WARN_RANGE_LOOP_ANALYSIS = YES;
				CLANG_WARN_STRICT_PROTOTYPES = YES;
				CLANG_WARN_SUSPICIOUS_MOVE = YES;
				CLANG_WARN_UNGUARDED_AVAILABILITY = YES_AGGRESSIVE;
				CLANG_WARN_UNREACHABLE_CODE = YES;
				CLANG_WARN__DUPLICATE_METHOD_MATCH = YES;
				COPY_PHASE_STRIP = NO;
				DEBUG_INFORMATION_FORMAT = dwarf;
				ENABLE_STRICT_OBJC_MSGSEND = YES;
				ENABLE_TESTABILITY = YES;
				GCC_C_LANGUAGE_STANDARD = gnu11;
				GCC_DYNAMIC_NO_PIC = NO;
				GCC_NO_COMMON_BLOCKS = YES;
				GCC_OPTIMIZATION_LEVEL = 0;
				GCC_PREPROCESSOR_DEFINITIONS = (
					"DEBUG=1",
					"$(inherited)",
				);
				GCC_WARN_64_TO_32_BIT_CONVERSION = YES;
				GCC_WARN_ABOUT_RETURN_TYPE = YES_ERROR;
				GCC_WARN_UNDECLARED_SELECTOR = YES;
				GCC_WARN_UNINITIALIZED_AUTOS = YES_AGGRESSIVE;
				GCC_WARN_UNUSED_FUNCTION = YES;
				GCC_WARN_UNUSED_VARIABLE = YES;
				IPHONEOS_DEPLOYMENT_TARGET = 14.2;
				MTL_ENABLE_DEBUG_INFO = INCLUDE_SOURCE;
				MTL_FAST_MATH = YES;
				ONLY_ACTIVE_ARCH = YES;
				SDKROOT = iphoneos;
				SWIFT_ACTIVE_COMPILATION_CONDITIONS = DEBUG;
				SWIFT_OPTIMIZATION_LEVEL = "-Onone";
			};
			name = Debug;
		};
		B234378B25DAEA09007F2C55 /* Release */ = {
			isa = XCBuildConfiguration;
			buildSettings = {
				ALWAYS_SEARCH_USER_PATHS = NO;
				CLANG_ANALYZER_NONNULL = YES;
				CLANG_ANALYZER_NUMBER_OBJECT_CONVERSION = YES_AGGRESSIVE;
				CLANG_CXX_LANGUAGE_STANDARD = "gnu++14";
				CLANG_CXX_LIBRARY = "libc++";
				CLANG_ENABLE_MODULES = YES;
				CLANG_ENABLE_OBJC_ARC = YES;
				CLANG_ENABLE_OBJC_WEAK = YES;
				CLANG_WARN_BLOCK_CAPTURE_AUTORELEASING = YES;
				CLANG_WARN_BOOL_CONVERSION = YES;
				CLANG_WARN_COMMA = YES;
				CLANG_WARN_CONSTANT_CONVERSION = YES;
				CLANG_WARN_DEPRECATED_OBJC_IMPLEMENTATIONS = YES;
				CLANG_WARN_DIRECT_OBJC_ISA_USAGE = YES_ERROR;
				CLANG_WARN_DOCUMENTATION_COMMENTS = YES;
				CLANG_WARN_EMPTY_BODY = YES;
				CLANG_WARN_ENUM_CONVERSION = YES;
				CLANG_WARN_INFINITE_RECURSION = YES;
				CLANG_WARN_INT_CONVERSION = YES;
				CLANG_WARN_NON_LITERAL_NULL_CONVERSION = YES;
				CLANG_WARN_OBJC_IMPLICIT_RETAIN_SELF = YES;
				CLANG_WARN_OBJC_LITERAL_CONVERSION = YES;
				CLANG_WARN_OBJC_ROOT_CLASS = YES_ERROR;
				CLANG_WARN_QUOTED_INCLUDE_IN_FRAMEWORK_HEADER = YES;
				CLANG_WARN_RANGE_LOOP_ANALYSIS = YES;
				CLANG_WARN_STRICT_PROTOTYPES = YES;
				CLANG_WARN_SUSPICIOUS_MOVE = YES;
				CLANG_WARN_UNGUARDED_AVAILABILITY = YES_AGGRESSIVE;
				CLANG_WARN_UNREACHABLE_CODE = YES;
				CLANG_WARN__DUPLICATE_METHOD_MATCH = YES;
				COPY_PHASE_STRIP = NO;
				DEBUG_INFORMATION_FORMAT = "dwarf-with-dsym";
				ENABLE_NS_ASSERTIONS = NO;
				ENABLE_STRICT_OBJC_MSGSEND = YES;
				GCC_C_LANGUAGE_STANDARD = gnu11;
				GCC_NO_COMMON_BLOCKS = YES;
				GCC_WARN_64_TO_32_BIT_CONVERSION = YES;
				GCC_WARN_ABOUT_RETURN_TYPE = YES_ERROR;
				GCC_WARN_UNDECLARED_SELECTOR = YES;
				GCC_WARN_UNINITIALIZED_AUTOS = YES_AGGRESSIVE;
				GCC_WARN_UNUSED_FUNCTION = YES;
				GCC_WARN_UNUSED_VARIABLE = YES;
				IPHONEOS_DEPLOYMENT_TARGET = 14.2;
				MTL_ENABLE_DEBUG_INFO = NO;
				MTL_FAST_MATH = YES;
				SDKROOT = iphoneos;
				SWIFT_COMPILATION_MODE = wholemodule;
				SWIFT_OPTIMIZATION_LEVEL = "-O";
				VALIDATE_PRODUCT = YES;
			};
			name = Release;
		};
		B234378D25DAEA09007F2C55 /* Debug */ = {
			isa = XCBuildConfiguration;
			buildSettings = {
				ASSETCATALOG_COMPILER_APPICON_NAME = AppIcon;
				ASSETCATALOG_COMPILER_GLOBAL_ACCENT_COLOR_NAME = AccentColor;
				CODE_SIGN_STYLE = Automatic;
				DEVELOPMENT_TEAM = JBN38UMB62;
				INFOPLIST_FILE = SampleProtocol/Info.plist;
				LD_RUNPATH_SEARCH_PATHS = (
					"$(inherited)",
					"@executable_path/Frameworks",
				);
				PRODUCT_BUNDLE_IDENTIFIER = jp.techacademy.toya.miura.SampleProtocol;
				PRODUCT_NAME = "$(TARGET_NAME)";
				SWIFT_VERSION = 5.0;
				TARGETED_DEVICE_FAMILY = "1,2";
			};
			name = Debug;
		};
		B234378E25DAEA09007F2C55 /* Release */ = {
			isa = XCBuildConfiguration;
			buildSettings = {
				ASSETCATALOG_COMPILER_APPICON_NAME = AppIcon;
				ASSETCATALOG_COMPILER_GLOBAL_ACCENT_COLOR_NAME = AccentColor;
				CODE_SIGN_STYLE = Automatic;
				DEVELOPMENT_TEAM = JBN38UMB62;
				INFOPLIST_FILE = SampleProtocol/Info.plist;
				LD_RUNPATH_SEARCH_PATHS = (
					"$(inherited)",
					"@executable_path/Frameworks",
				);
				PRODUCT_BUNDLE_IDENTIFIER = jp.techacademy.toya.miura.SampleProtocol;
				PRODUCT_NAME = "$(TARGET_NAME)";
				SWIFT_VERSION = 5.0;
				TARGETED_DEVICE_FAMILY = "1,2";
			};
			name = Release;
		};
		B234379025DAEA09007F2C55 /* Debug */ = {
			isa = XCBuildConfiguration;
			buildSettings = {
				ALWAYS_EMBED_SWIFT_STANDARD_LIBRARIES = YES;
				BUNDLE_LOADER = "$(TEST_HOST)";
				CODE_SIGN_STYLE = Automatic;
				DEVELOPMENT_TEAM = JBN38UMB62;
				INFOPLIST_FILE = SampleProtocolTests/Info.plist;
				IPHONEOS_DEPLOYMENT_TARGET = 14.2;
				LD_RUNPATH_SEARCH_PATHS = (
					"$(inherited)",
					"@executable_path/Frameworks",
					"@loader_path/Frameworks",
				);
				PRODUCT_BUNDLE_IDENTIFIER = jp.techacademy.toya.miura.SampleProtocolTests;
				PRODUCT_NAME = "$(TARGET_NAME)";
				SWIFT_VERSION = 5.0;
				TARGETED_DEVICE_FAMILY = "1,2";
				TEST_HOST = "$(BUILT_PRODUCTS_DIR)/SampleProtocol.app/SampleProtocol";
			};
			name = Debug;
		};
		B234379125DAEA09007F2C55 /* Release */ = {
			isa = XCBuildConfiguration;
			buildSettings = {
				ALWAYS_EMBED_SWIFT_STANDARD_LIBRARIES = YES;
				BUNDLE_LOADER = "$(TEST_HOST)";
				CODE_SIGN_STYLE = Automatic;
				DEVELOPMENT_TEAM = JBN38UMB62;
				INFOPLIST_FILE = SampleProtocolTests/Info.plist;
				IPHONEOS_DEPLOYMENT_TARGET = 14.2;
				LD_RUNPATH_SEARCH_PATHS = (
					"$(inherited)",
					"@executable_path/Frameworks",
					"@loader_path/Frameworks",
				);
				PRODUCT_BUNDLE_IDENTIFIER = jp.techacademy.toya.miura.SampleProtocolTests;
				PRODUCT_NAME = "$(TARGET_NAME)";
				SWIFT_VERSION = 5.0;
				TARGETED_DEVICE_FAMILY = "1,2";
				TEST_HOST = "$(BUILT_PRODUCTS_DIR)/SampleProtocol.app/SampleProtocol";
			};
			name = Release;
		};
		B234379325DAEA09007F2C55 /* Debug */ = {
			isa = XCBuildConfiguration;
			buildSettings = {
				ALWAYS_EMBED_SWIFT_STANDARD_LIBRARIES = YES;
				CODE_SIGN_STYLE = Automatic;
				DEVELOPMENT_TEAM = JBN38UMB62;
				INFOPLIST_FILE = SampleProtocolUITests/Info.plist;
				LD_RUNPATH_SEARCH_PATHS = (
					"$(inherited)",
					"@executable_path/Frameworks",
					"@loader_path/Frameworks",
				);
				PRODUCT_BUNDLE_IDENTIFIER = jp.techacademy.toya.miura.SampleProtocolUITests;
				PRODUCT_NAME = "$(TARGET_NAME)";
				SWIFT_VERSION = 5.0;
				TARGETED_DEVICE_FAMILY = "1,2";
				TEST_TARGET_NAME = SampleProtocol;
			};
			name = Debug;
		};
		B234379425DAEA09007F2C55 /* Release */ = {
			isa = XCBuildConfiguration;
			buildSettings = {
				ALWAYS_EMBED_SWIFT_STANDARD_LIBRARIES = YES;
				CODE_SIGN_STYLE = Automatic;
				DEVELOPMENT_TEAM = JBN38UMB62;
				INFOPLIST_FILE = SampleProtocolUITests/Info.plist;
				LD_RUNPATH_SEARCH_PATHS = (
					"$(inherited)",
					"@executable_path/Frameworks",
					"@loader_path/Frameworks",
				);
				PRODUCT_BUNDLE_IDENTIFIER = jp.techacademy.toya.miura.SampleProtocolUITests;
				PRODUCT_NAME = "$(TARGET_NAME)";
				SWIFT_VERSION = 5.0;
				TARGETED_DEVICE_FAMILY = "1,2";
				TEST_TARGET_NAME = SampleProtocol;
			};
			name = Release;
		};
/* End XCBuildConfiguration section */

/* Begin XCConfigurationList section */
		B234375D25DAEA03007F2C55 /* Build configuration list for PBXProject "SampleProtocol" */ = {
			isa = XCConfigurationList;
			buildConfigurations = (
				B234378A25DAEA09007F2C55 /* Debug */,
				B234378B25DAEA09007F2C55 /* Release */,
			);
			defaultConfigurationIsVisible = 0;
			defaultConfigurationName = Release;
		};
		B234378C25DAEA09007F2C55 /* Build configuration list for PBXNativeTarget "SampleProtocol" */ = {
			isa = XCConfigurationList;
			buildConfigurations = (
				B234378D25DAEA09007F2C55 /* Debug */,
				B234378E25DAEA09007F2C55 /* Release */,
			);
			defaultConfigurationIsVisible = 0;
			defaultConfigurationName = Release;
		};
		B234378F25DAEA09007F2C55 /* Build configuration list for PBXNativeTarget "SampleProtocolTests" */ = {
			isa = XCConfigurationList;
			buildConfigurations = (
				B234379025DAEA09007F2C55 /* Debug */,
				B234379125DAEA09007F2C55 /* Release */,
			);
			defaultConfigurationIsVisible = 0;
			defaultConfigurationName = Release;
		};
		B234379225DAEA09007F2C55 /* Build configuration list for PBXNativeTarget "SampleProtocolUITests" */ = {
			isa = XCConfigurationList;
			buildConfigurations = (
				B234379325DAEA09007F2C55 /* Debug */,
				B234379425DAEA09007F2C55 /* Release */,
			);
			defaultConfigurationIsVisible = 0;
			defaultConfigurationName = Release;
		};
/* End XCConfigurationList section */
	};
	rootObject = B234375A25DAEA03007F2C55 /* Project object */;
}
